Microsoft Visual Studio Solution File, Format Version 9.00
# Visual Studio 2005
Project("{FAE04EC0-301F-11D3-BF4B-00C04F79EFBC}") = "dbjipoint", "ipoint\dbjipoint.csproj", "{EB3D19C7-799F-40B1-A16A-1814B15491E4}"
EndProject
Project("{FAE04EC0-301F-11D3-BF4B-00C04F79EFBC}") = "dbj_ept", "dbjt\dbj_ept.csproj", "{7FF80159-ACA0-4342-9249-492082B244F7}"
EndProject
Project("{FAE04EC0-301F-11D3-BF4B-00C04F79EFBC}") = "dbjfm", "dbjfm\dbjfm.csproj", "{8258D1F6-05DC-4F2B-9B99-101578371456}"
EndProject
Global
	GlobalSection(SourceCodeControl) = preSolution
		SccNumberOfProjects = 4
		SccProjectUniqueName0 = dbjfm\\dbjfm.csproj
		SccLocalPath0 = .
		SccProjectFilePathRelativizedFromConnection0 = dbjfm\\
		SccProjectUniqueName1 = dbjt\\dbj_ept.csproj
		SccLocalPath1 = .
		SccProjectFilePathRelativizedFromConnection1 = dbjt\\
		SccProjectUniqueName2 = ipoint\\dbjipoint.csproj
		SccLocalPath2 = .
		SccProjectFilePathRelativizedFromConnection2 = ipoint\\
		SccLocalPath3 = .
	EndGlobalSection
	GlobalSection(SolutionConfigurationPlatforms) = preSolution
		Debug|Any CPU = Debug|Any CPU
		Release|Any CPU = Release|Any CPU
	EndGlobalSection
	GlobalSection(ProjectConfigurationPlatforms) = postSolution
		{EB3D19C7-799F-40B1-A16A-1814B15491E4}.Debug|Any CPU.ActiveCfg = Debug|Any CPU
		{EB3D19C7-799F-40B1-A16A-1814B15491E4}.Debug|Any CPU.Build.0 = Debug|Any CPU
		{EB3D19C7-799F-40B1-A16A-1814B15491E4}.Release|Any CPU.ActiveCfg = Release|Any CPU
		{EB3D19C7-799F-40B1-A16A-1814B15491E4}.Release|Any CPU.Build.0 = Release|Any CPU
		{7FF80159-ACA0-4342-9249-492082B244F7}.Debug|Any CPU.ActiveCfg = Debug|Any CPU
		{7FF80159-ACA0-4342-9249-492082B244F7}.Debug|Any CPU.Build.0 = Debug|Any CPU
		{7FF80159-ACA0-4342-9249-492082B244F7}.Release|Any CPU.ActiveCfg = Release|Any CPU
		{7FF80159-ACA0-4342-9249-492082B244F7}.Release|Any CPU.Build.0 = Release|Any CPU
		{8258D1F6-05DC-4F2B-9B99-101578371456}.Debug|Any CPU.ActiveCfg = Debug|Any CPU
		{8258D1F6-05DC-4F2B-9B99-101578371456}.Debug|Any CPU.Build.0 = Debug|Any CPU
		{8258D1F6-05DC-4F2B-9B99-101578371456}.Release|Any CPU.ActiveCfg = Release|Any CPU
		{8258D1F6-05DC-4F2B-9B99-101578371456}.Release|Any CPU.Build.0 = Release|Any CPU
	EndGlobalSection
	GlobalSection(SolutionProperties) = preSolution
		HideSolutionNode = FALSE
	EndGlobalSection
EndGlobal
