
Microsoft Visual Studio Solution File, Format Version 12.00
# Visual Studio 15
VisualStudioVersion = 15.0.27130.2010
MinimumVisualStudioVersion = 10.0.40219.1
Project("{FAE04EC0-301F-11D3-BF4B-00C04F79EFBC}") = "dbjfm", "dbjfm\dbjfm.csproj", "{8258D1F6-05DC-4F2B-9B99-101578371456}"
EndProject
Project("{FAE04EC0-301F-11D3-BF4B-00C04F79EFBC}") = "dbj_eptest", "dbjt\dbj_eptest.csproj", "{7FF80159-ACA0-4342-9249-492082B244F7}"
EndProject
Project("{FAE04EC0-301F-11D3-BF4B-00C04F79EFBC}") = "dbjipoint", "ipoint\dbjipoint.csproj", "{EB3D19C7-799F-40B1-A16A-1814B15491E4}"
EndProject
Global
	GlobalSection(SolutionConfigurationPlatforms) = preSolution
		Debug|Any CPU = Debug|Any CPU
		Release|Any CPU = Release|Any CPU
	EndGlobalSection
	GlobalSection(ProjectConfigurationPlatforms) = postSolution
		{8258D1F6-05DC-4F2B-9B99-101578371456}.Debug|Any CPU.ActiveCfg = Debug|Any CPU
		{8258D1F6-05DC-4F2B-9B99-101578371456}.Debug|Any CPU.Build.0 = Debug|Any CPU
		{8258D1F6-05DC-4F2B-9B99-101578371456}.Release|Any CPU.ActiveCfg = Release|Any CPU
		{8258D1F6-05DC-4F2B-9B99-101578371456}.Release|Any CPU.Build.0 = Release|Any CPU
		{7FF80159-ACA0-4342-9249-492082B244F7}.Debug|Any CPU.ActiveCfg = Debug|Any CPU
		{7FF80159-ACA0-4342-9249-492082B244F7}.Debug|Any CPU.Build.0 = Debug|Any CPU
		{7FF80159-ACA0-4342-9249-492082B244F7}.Release|Any CPU.ActiveCfg = Release|Any CPU
		{7FF80159-ACA0-4342-9249-492082B244F7}.Release|Any CPU.Build.0 = Release|Any CPU
		{EB3D19C7-799F-40B1-A16A-1814B15491E4}.Debug|Any CPU.ActiveCfg = Debug|Any CPU
		{EB3D19C7-799F-40B1-A16A-1814B15491E4}.Debug|Any CPU.Build.0 = Debug|Any CPU
		{EB3D19C7-799F-40B1-A16A-1814B15491E4}.Release|Any CPU.ActiveCfg = Release|Any CPU
		{EB3D19C7-799F-40B1-A16A-1814B15491E4}.Release|Any CPU.Build.0 = Release|Any CPU
	EndGlobalSection
	GlobalSection(SolutionProperties) = preSolution
		HideSolutionNode = FALSE
	EndGlobalSection
	GlobalSection(ExtensibilityGlobals) = postSolution
		SolutionGuid = {E578CC28-F119-4A8B-AD60-90F0EB2C6C10}
	EndGlobalSection
EndGlobal
