Microsoft Visual Studio Solution File, Format Version 8.00
Project("{FAE04EC0-301F-11D3-BF4B-00C04F79EFBC}") = "dbj_ept", "dbj_ept.csproj", "{7FF80159-ACA0-4342-9249-492082B244F7}"
	ProjectSection(ProjectDependencies) = postProject
	EndProjectSection
EndProject
Global
	GlobalSection(SolutionConfiguration) = preSolution
		Debug = Debug
		Release = Release
	EndGlobalSection
	GlobalSection(ProjectConfiguration) = postSolution
		{7FF80159-ACA0-4342-9249-492082B244F7}.Debug.ActiveCfg = Debug|.NET
		{7FF80159-ACA0-4342-9249-492082B244F7}.Debug.Build.0 = Debug|.NET
		{7FF80159-ACA0-4342-9249-492082B244F7}.Release.ActiveCfg = Release|.NET
		{7FF80159-ACA0-4342-9249-492082B244F7}.Release.Build.0 = Release|.NET
	EndGlobalSection
	GlobalSection(ExtensibilityGlobals) = postSolution
	EndGlobalSection
	GlobalSection(ExtensibilityAddIns) = postSolution
	EndGlobalSection
EndGlobal
